PODS:
  - GoogleMaps (5.0.0):
    - GoogleMaps/Maps (= 5.0.0)
  - GoogleMaps/Base (5.0.0)
  - GoogleMaps/Maps (5.0.0):
    - GoogleMaps/Base

DEPENDENCIES:
  - GoogleMaps (= 5.0.0)

SPEC REPOS:
  trunk:
    - GoogleMaps

SPEC CHECKSUMS:
  GoogleMaps: 600e5e69bdf7f4ed7cac4d6aa96c7ec08a5aa254

PODFILE CHECKSUM: 33cff118c66db5250114f0a3eab0470dad29b7ab

COCOAPODS: 1.10.1
